// !$*UTF8*$!
{
	archiveVersion = 1;
	classes = {
	};
	objectVersion = 48;
	objects = {

/* Begin PBXBuildFile section */
		44A3EDFB8ABA8A69D656446C /* libPods-JNWarmTips.a in Frameworks */ = {isa = PBXBuildFile; fileRef = F79A2389DE1188F102ABAA05 /* libPods-JNWarmTips.a */; };
		6108F142207B119700590F4D /* AppDelegate.m in Sources */ = {isa = PBXBuildFile; fileRef = 6108F141207B119700590F4D /* AppDelegate.m */; };
		6108F148207B119700590F4D /* Main.storyboard in Resources */ = {isa = PBXBuildFile; fileRef = 6108F146207B119700590F4D /* Main.storyboard */; };
		6108F14A207B119700590F4D /* Assets.xcassets in Resources */ = {isa = PBXBuildFile; fileRef = 6108F149207B119700590F4D /* Assets.xcassets */; };
		6108F14D207B119700590F4D /* LaunchScreen.storyboard in Resources */ = {isa = PBXBuildFile; fileRef = 6108F14B207B119700590F4D /* LaunchScreen.storyboard */; };
		6108F150207B119700590F4D /* main.m in Sources */ = {isa = PBXBuildFile; fileRef = 6108F14F207B119700590F4D /* main.m */; };
		6143384D208DBFD400DFB91F /* JNWarmTipsTests.m in Sources */ = {isa = PBXBuildFile; fileRef = 6143384C208DBFD400DFB91F /* JNWarmTipsTests.m */; };
		8B8D80F3322F212274D1143C /* ViewController+CalculateCalendar.m in Sources */ = {isa = PBXBuildFile; fileRef = 8B8D883D4FAAF41DBD1C04E6 /* ViewController+CalculateCalendar.m */; };
		8B8D82D0095163A877576A10 /* JNTopContainerView.m in Sources */ = {isa = PBXBuildFile; fileRef = 8B8D8E88977C2DF0F9B33EE8 /* JNTopContainerView.m */; };
		8B8D8311A594230342333C5F /* JNEventEditorViewController.m in Sources */ = {isa = PBXBuildFile; fileRef = 8B8D88D48638D097B2DC519C /* JNEventEditorViewController.m */; };
		8B8D84089AE8B2E6182F1AAB /* JNDayModel.m in Sources */ = {isa = PBXBuildFile; fileRef = 8B8D8323A3D6BA21634997CA /* JNDayModel.m */; };
		8B8D84C766FD4610E65ABD82 /* JNDayCollectionViewCell.m in Sources */ = {isa = PBXBuildFile; fileRef = 8B8D8781F35BA519B838AEEB /* JNDayCollectionViewCell.m */; };
		8B8D89DE5F6DD1EFFF79B182 /* ViewController.m in Sources */ = {isa = PBXBuildFile; fileRef = 8B8D8A132EEA90F3E88CE985 /* ViewController.m */; };
		8B8D8B9E1A09208320853911 /* ViewController+EventList.m in Sources */ = {isa = PBXBuildFile; fileRef = 8B8D8C11F809578247CF45DB /* ViewController+EventList.m */; };
		8B8D8DECA4453B6757CCDC21 /* ReadMe.md in Sources */ = {isa = PBXBuildFile; fileRef = 8B8D846A78DB3E839387D207 /* ReadMe.md */; };
		8B8D8E5176150954F3B6948A /* JNWarmTipsPublicFile.m in Sources */ = {isa = PBXBuildFile; fileRef = 8B8D8E2393819A8A628D2505 /* JNWarmTipsPublicFile.m */; };
		8B8D8F9E8CBB8DE1D626BA5B /* JNDayEventTableViewCell.m in Sources */ = {isa = PBXBuildFile; fileRef = 8B8D845045EF929195B9E64A /* JNDayEventTableViewCell.m */; };
/* End PBXBuildFile section */

/* Begin PBXContainerItemProxy section */
		6143384F208DBFD400DFB91F /* PBXContainerItemProxy */ = {
			isa = PBXContainerItemProxy;
			containerPortal = 6108F135207B119700590F4D /* Project object */;
			proxyType = 1;
			remoteGlobalIDString = 6108F13C207B119700590F4D;
			remoteInfo = JNWarmTips;
		};
/* End PBXContainerItemProxy section */

/* Begin PBXFileReference section */
		6108F13D207B119700590F4D /* JNWarmTips.app */ = {isa = PBXFileReference; explicitFileType = wrapper.application; includeInIndex = 0; path = JNWarmTips.app; sourceTree = BUILT_PRODUCTS_DIR; };
		6108F140207B119700590F4D /* AppDelegate.h */ = {isa = PBXFileReference; lastKnownFileType = sourcecode.c.h; path = AppDelegate.h; sourceTree = "<group>"; };
		6108F141207B119700590F4D /* AppDelegate.m */ = {isa = PBXFileReference; lastKnownFileType = sourcecode.c.objc; path = AppDelegate.m; sourceTree = "<group>"; };
		6108F147207B119700590F4D /* Base */ = {isa = PBXFileReference; lastKnownFileType = file.storyboard; name = Base; path = Base.lproj/Main.storyboard; sourceTree = "<group>"; };
		6108F149207B119700590F4D /* Assets.xcassets */ = {isa = PBXFileReference; lastKnownFileType = folder.assetcatalog; path = Assets.xcassets; sourceTree = "<group>"; };
		6108F14C207B119700590F4D /* Base */ = {isa = PBXFileReference; lastKnownFileType = file.storyboard; name = Base; path = Base.lproj/LaunchScreen.storyboard; sourceTree = "<group>"; };
		6108F14E207B119700590F4D /* Info.plist */ = {isa = PBXFileReference; lastKnownFileType = text.plist.xml; path = Info.plist; sourceTree = "<group>"; };
		6108F14F207B119700590F4D /* main.m */ = {isa = PBXFileReference; lastKnownFileType = sourcecode.c.objc; path = main.m; sourceTree = "<group>"; };
		6143384A208DBFD400DFB91F /* JNWarmTipsTests.xctest */ = {isa = PBXFileReference; explicitFileType = wrapper.cfbundle; includeInIndex = 0; path = JNWarmTipsTests.xctest; sourceTree = BUILT_PRODUCTS_DIR; };
		6143384C208DBFD400DFB91F /* JNWarmTipsTests.m */ = {isa = PBXFileReference; lastKnownFileType = sourcecode.c.objc; path = JNWarmTipsTests.m; sourceTree = "<group>"; };
		6143384E208DBFD400DFB91F /* Info.plist */ = {isa = PBXFileReference; lastKnownFileType = text.plist.xml; path = Info.plist; sourceTree = "<group>"; };
		8B8D8138BCBDECACA0DA7C3D /* JNDayModel.h */ = {isa = PBXFileReference; fileEncoding = 4; lastKnownFileType = sourcecode.c.h; path = JNDayModel.h; sourceTree = "<group>"; };
		8B8D820CD58EE968EE8B7C5A /* ViewController+CalculateCalendar.h */ = {isa = PBXFileReference; fileEncoding = 4; lastKnownFileType = sourcecode.c.h; path = "ViewController+CalculateCalendar.h"; sourceTree = "<group>"; };
		8B8D82753B6EE75A38772E6D /* JNDayCollectionViewCell.h */ = {isa = PBXFileReference; fileEncoding = 4; lastKnownFileType = sourcecode.c.h; path = JNDayCollectionViewCell.h; sourceTree = "<group>"; };
		8B8D8323A3D6BA21634997CA /* JNDayModel.m */ = {isa = PBXFileReference; fileEncoding = 4; lastKnownFileType = sourcecode.c.objc; path = JNDayModel.m; sourceTree = "<group>"; };
		8B8D845045EF929195B9E64A /* JNDayEventTableViewCell.m */ = {isa = PBXFileReference; fileEncoding = 4; lastKnownFileType = sourcecode.c.objc; path = JNDayEventTableViewCell.m; sourceTree = "<group>"; };
		8B8D846A78DB3E839387D207 /* ReadMe.md */ = {isa = PBXFileReference; fileEncoding = 4; lastKnownFileType = net.daringfireball.markdown; path = ReadMe.md; sourceTree = "<group>"; };
		8B8D854C7EB7027EF019EE08 /* JNTopContainerView.h */ = {isa = PBXFileReference; fileEncoding = 4; lastKnownFileType = sourcecode.c.h; path = JNTopContainerView.h; sourceTree = "<group>"; };
		8B8D863217D9B0BFC1D6834C /* JNDayEventTableViewCell.h */ = {isa = PBXFileReference; fileEncoding = 4; lastKnownFileType = sourcecode.c.h; path = JNDayEventTableViewCell.h; sourceTree = "<group>"; };
		8B8D8781F35BA519B838AEEB /* JNDayCollectionViewCell.m */ = {isa = PBXFileReference; fileEncoding = 4; lastKnownFileType = sourcecode.c.objc; path = JNDayCollectionViewCell.m; sourceTree = "<group>"; };
		8B8D883D4FAAF41DBD1C04E6 /* ViewController+CalculateCalendar.m */ = {isa = PBXFileReference; fileEncoding = 4; lastKnownFileType = sourcecode.c.objc; path = "ViewController+CalculateCalendar.m"; sourceTree = "<group>"; };
		8B8D88D48638D097B2DC519C /* JNEventEditorViewController.m */ = {isa = PBXFileReference; fileEncoding = 4; lastKnownFileType = sourcecode.c.objc; path = JNEventEditorViewController.m; sourceTree = "<group>"; };
		8B8D8A132EEA90F3E88CE985 /* ViewController.m */ = {isa = PBXFileReference; fileEncoding = 4; lastKnownFileType = sourcecode.c.objc; path = ViewController.m; sourceTree = "<group>"; };
		8B8D8AF5F9761F22DBBE7530 /* ViewController+EventList.h */ = {isa = PBXFileReference; fileEncoding = 4; lastKnownFileType = sourcecode.c.h; path = "ViewController+EventList.h"; sourceTree = "<group>"; };
		8B8D8C11F809578247CF45DB /* ViewController+EventList.m */ = {isa = PBXFileReference; fileEncoding = 4; lastKnownFileType = sourcecode.c.objc; path = "ViewController+EventList.m"; sourceTree = "<group>"; };
		8B8D8C9B183B31163C81DA8E /* JNEventEditorViewController.h */ = {isa = PBXFileReference; fileEncoding = 4; lastKnownFileType = sourcecode.c.h; path = JNEventEditorViewController.h; sourceTree = "<group>"; };
		8B8D8D6D3A68F0B563FDB92B /* JNWarmTipsPublicFile.h */ = {isa = PBXFileReference; fileEncoding = 4; lastKnownFileType = sourcecode.c.h; path = JNWarmTipsPublicFile.h; sourceTree = "<group>"; };
		8B8D8E2393819A8A628D2505 /* JNWarmTipsPublicFile.m */ = {isa = PBXFileReference; fileEncoding = 4; lastKnownFileType = sourcecode.c.objc; path = JNWarmTipsPublicFile.m; sourceTree = "<group>"; };
		8B8D8E88977C2DF0F9B33EE8 /* JNTopContainerView.m */ = {isa = PBXFileReference; fileEncoding = 4; lastKnownFileType = sourcecode.c.objc; path = JNTopContainerView.m; sourceTree = "<group>"; };
		8B8D8F01672CA9AF33AA94A3 /* ViewController.h */ = {isa = PBXFileReference; fileEncoding = 4; lastKnownFileType = sourcecode.c.h; path = ViewController.h; sourceTree = "<group>"; };
		987F68616B95B3F1A1C53504 /* Pods-JNWarmTips.release.xcconfig */ = {isa = PBXFileReference; includeInIndex = 1; lastKnownFileType = text.xcconfig; name = "Pods-JNWarmTips.release.xcconfig"; path = "Pods/Target Support Files/Pods-JNWarmTips/Pods-JNWarmTips.release.xcconfig"; sourceTree = "<group>"; };
		F79A2389DE1188F102ABAA05 /* libPods-JNWarmTips.a */ = {isa = PBXFileReference; explicitFileType = archive.ar; includeInIndex = 0; path = "libPods-JNWarmTips.a"; sourceTree = BUILT_PRODUCTS_DIR; };
		FDC5847B328F1F4829E065CD /* Pods-JNWarmTips.debug.xcconfig */ = {isa = PBXFileReference; includeInIndex = 1; lastKnownFileType = text.xcconfig; name = "Pods-JNWarmTips.debug.xcconfig"; path = "Pods/Target Support Files/Pods-JNWarmTips/Pods-JNWarmTips.debug.xcconfig"; sourceTree = "<group>"; };
/* End PBXFileReference section */

/* Begin PBXFrameworksBuildPhase section */
		6108F13A207B119700590F4D /* Frameworks */ = {
			isa = PBXFrameworksBuildPhase;
			buildActionMask = 2147483647;
			files = (
				44A3EDFB8ABA8A69D656446C /* libPods-JNWarmTips.a in Frameworks */,
			);
			runOnlyForDeploymentPostprocessing = 0;
		};
		61433847208DBFD400DFB91F /* Frameworks */ = {
			isa = PBXFrameworksBuildPhase;
			buildActionMask = 2147483647;
			files = (
			);
			runOnlyForDeploymentPostprocessing = 0;
		};
/* End PBXFrameworksBuildPhase section */

/* Begin PBXGroup section */
		6108F134207B119700590F4D = {
			isa = PBXGroup;
			children = (
				6108F13F207B119700590F4D /* JNWarmTips */,
				6143384B208DBFD400DFB91F /* JNWarmTipsTests */,
				6108F13E207B119700590F4D /* Products */,
				E2A9711E8B18C9B9B8858DA3 /* Pods */,
				DACDE275256ED8D23A761C31 /* Frameworks */,
			);
			sourceTree = "<group>";
		};
		6108F13E207B119700590F4D /* Products */ = {
			isa = PBXGroup;
			children = (
				6108F13D207B119700590F4D /* JNWarmTips.app */,
				6143384A208DBFD400DFB91F /* JNWarmTipsTests.xctest */,
			);
			name = Products;
			sourceTree = "<group>";
		};
		6108F13F207B119700590F4D /* JNWarmTips */ = {
			isa = PBXGroup;
			children = (
				6108F140207B119700590F4D /* AppDelegate.h */,
				6108F141207B119700590F4D /* AppDelegate.m */,
				6108F146207B119700590F4D /* Main.storyboard */,
				6108F149207B119700590F4D /* Assets.xcassets */,
				6108F14B207B119700590F4D /* LaunchScreen.storyboard */,
				6108F14E207B119700590F4D /* Info.plist */,
				6108F14F207B119700590F4D /* main.m */,
				8B8D861607060FC12B5B2431 /* Calendar */,
				8B8D87604E1A96A0CC8FFF17 /* PublicFile */,
				8B8D84DD42A1B3CD238CEFE2 /* ToDo */,
			);
			path = JNWarmTips;
			sourceTree = "<group>";
		};
		6143384B208DBFD400DFB91F /* JNWarmTipsTests */ = {
			isa = PBXGroup;
			children = (
				6143384C208DBFD400DFB91F /* JNWarmTipsTests.m */,
				6143384E208DBFD400DFB91F /* Info.plist */,
			);
			path = JNWarmTipsTests;
			sourceTree = "<group>";
		};
		8B8D84DD42A1B3CD238CEFE2 /* ToDo */ = {
			isa = PBXGroup;
			children = (
				8B8D870116256E7A40596EF9 /* ViewController */,
			);
			path = ToDo;
			sourceTree = "<group>";
		};
		8B8D861607060FC12B5B2431 /* Calendar */ = {
			isa = PBXGroup;
			children = (
				8B8D8A93849805DBF23ED1FA /* ViewController */,
				8B8D8E80165B97E9172F37DD /* Model */,
				8B8D894C015A846EA53634AD /* View */,
			);
			path = Calendar;
			sourceTree = "<group>";
		};
		8B8D870116256E7A40596EF9 /* ViewController */ = {
			isa = PBXGroup;
			children = (
				8B8D88D48638D097B2DC519C /* JNEventEditorViewController.m */,
				8B8D8C9B183B31163C81DA8E /* JNEventEditorViewController.h */,
			);
			path = ViewController;
			sourceTree = "<group>";
		};
		8B8D87604E1A96A0CC8FFF17 /* PublicFile */ = {
			isa = PBXGroup;
			children = (
				8B8D846A78DB3E839387D207 /* ReadMe.md */,
				8B8D8E2393819A8A628D2505 /* JNWarmTipsPublicFile.m */,
				8B8D8D6D3A68F0B563FDB92B /* JNWarmTipsPublicFile.h */,
			);
			path = PublicFile;
			sourceTree = "<group>";
		};
		8B8D894C015A846EA53634AD /* View */ = {
			isa = PBXGroup;
			children = (
				8B8D8781F35BA519B838AEEB /* JNDayCollectionViewCell.m */,
				8B8D82753B6EE75A38772E6D /* JNDayCollectionViewCell.h */,
				8B8D845045EF929195B9E64A /* JNDayEventTableViewCell.m */,
				8B8D863217D9B0BFC1D6834C /* JNDayEventTableViewCell.h */,
				8B8D8E88977C2DF0F9B33EE8 /* JNTopContainerView.m */,
				8B8D854C7EB7027EF019EE08 /* JNTopContainerView.h */,
			);
			path = View;
			sourceTree = "<group>";
		};
		8B8D8A93849805DBF23ED1FA /* ViewController */ = {
			isa = PBXGroup;
			children = (
				8B8D8A132EEA90F3E88CE985 /* ViewController.m */,
				8B8D8F01672CA9AF33AA94A3 /* ViewController.h */,
				8B8D883D4FAAF41DBD1C04E6 /* ViewController+CalculateCalendar.m */,
				8B8D820CD58EE968EE8B7C5A /* ViewController+CalculateCalendar.h */,
				8B8D8C11F809578247CF45DB /* ViewController+EventList.m */,
				8B8D8AF5F9761F22DBBE7530 /* ViewController+EventList.h */,
			);
			path = ViewController;
			sourceTree = "<group>";
		};
		8B8D8E80165B97E9172F37DD /* Model */ = {
			isa = PBXGroup;
			children = (
				8B8D8138BCBDECACA0DA7C3D /* JNDayModel.h */,
				8B8D8323A3D6BA21634997CA /* JNDayModel.m */,
			);
			path = Model;
			sourceTree = "<group>";
		};
		DACDE275256ED8D23A761C31 /* Frameworks */ = {
			isa = PBXGroup;
			children = (
				F79A2389DE1188F102ABAA05 /* libPods-JNWarmTips.a */,
			);
			name = Frameworks;
			sourceTree = "<group>";
		};
		E2A9711E8B18C9B9B8858DA3 /* Pods */ = {
			isa = PBXGroup;
			children = (
				FDC5847B328F1F4829E065CD /* Pods-JNWarmTips.debug.xcconfig */,
				987F68616B95B3F1A1C53504 /* Pods-JNWarmTips.release.xcconfig */,
			);
			name = Pods;
			sourceTree = "<group>";
		};
/* End PBXGroup section */

/* Begin PBXNativeTarget section */
		6108F13C207B119700590F4D /* JNWarmTips */ = {
			isa = PBXNativeTarget;
			buildConfigurationList = 6108F153207B119700590F4D /* Build configuration list for PBXNativeTarget "JNWarmTips" */;
			buildPhases = (
				00B2770D9C6A66B4684E31FB /* [CP] Check Pods Manifest.lock */,
				6108F139207B119700590F4D /* Sources */,
				6108F13A207B119700590F4D /* Frameworks */,
				6108F13B207B119700590F4D /* Resources */,
				77EDD463F87855161BCDCEB1 /* [CP] Embed Pods Frameworks */,
				210858BAFDD9F32DBA4D03BF /* [CP] Copy Pods Resources */,
			);
			buildRules = (
			);
			dependencies = (
			);
			name = JNWarmTips;
			productName = JNWarmTips;
			productReference = 6108F13D207B119700590F4D /* JNWarmTips.app */;
			productType = "com.apple.product-type.application";
		};
		61433849208DBFD400DFB91F /* JNWarmTipsTests */ = {
			isa = PBXNativeTarget;
			buildConfigurationList = 61433853208DBFD400DFB91F /* Build configuration list for PBXNativeTarget "JNWarmTipsTests" */;
			buildPhases = (
				61433846208DBFD400DFB91F /* Sources */,
				61433847208DBFD400DFB91F /* Frameworks */,
				61433848208DBFD400DFB91F /* Resources */,
			);
			buildRules = (
			);
			dependencies = (
				61433850208DBFD400DFB91F /* PBXTargetDependency */,
			);
			name = JNWarmTipsTests;
			productName = JNWarmTipsTests;
			productReference = 6143384A208DBFD400DFB91F /* JNWarmTipsTests.xctest */;
			productType = "com.apple.product-type.bundle.unit-test";
		};
/* End PBXNativeTarget section */

/* Begin PBXProject section */
		6108F135207B119700590F4D /* Project object */ = {
			isa = PBXProject;
			attributes = {
				LastUpgradeCheck = 0920;
				ORGANIZATIONNAME = fengtianyu;
				TargetAttributes = {
					6108F13C207B119700590F4D = {
						CreatedOnToolsVersion = 9.2;
						ProvisioningStyle = Automatic;
					};
					61433849208DBFD400DFB91F = {
						CreatedOnToolsVersion = 9.2;
						ProvisioningStyle = Automatic;
						TestTargetID = 6108F13C207B119700590F4D;
					};
				};
			};
			buildConfigurationList = 6108F138207B119700590F4D /* Build configuration list for PBXProject "JNWarmTips" */;
			compatibilityVersion = "Xcode 8.0";
			developmentRegion = en;
			hasScannedForEncodings = 0;
			knownRegions = (
				en,
				Base,
			);
			mainGroup = 6108F134207B119700590F4D;
			productRefGroup = 6108F13E207B119700590F4D /* Products */;
			projectDirPath = "";
			projectRoot = "";
			targets = (
				6108F13C207B119700590F4D /* JNWarmTips */,
				61433849208DBFD400DFB91F /* JNWarmTipsTests */,
			);
		};
/* End PBXProject section */

/* Begin PBXResourcesBuildPhase section */
		6108F13B207B119700590F4D /* Resources */ = {
			isa = PBXResourcesBuildPhase;
			buildActionMask = 2147483647;
			files = (
				6108F14D207B119700590F4D /* LaunchScreen.storyboard in Resources */,
				6108F14A207B119700590F4D /* Assets.xcassets in Resources */,
				6108F148207B119700590F4D /* Main.storyboard in Resources */,
			);
			runOnlyForDeploymentPostprocessing = 0;
		};
		61433848208DBFD400DFB91F /* Resources */ = {
			isa = PBXResourcesBuildPhase;
			buildActionMask = 2147483647;
			files = (
			);
			runOnlyForDeploymentPostprocessing = 0;
		};
/* End PBXResourcesBuildPhase section */

/* Begin PBXShellScriptBuildPhase section */
		00B2770D9C6A66B4684E31FB /* [CP] Check Pods Manifest.lock */ = {
			isa = PBXShellScriptBuildPhase;
			buildActionMask = 2147483647;
			files = (
			);
			inputPaths = (
				"${PODS_PODFILE_DIR_PATH}/Podfile.lock",
				"${PODS_ROOT}/Manifest.lock",
			);
			name = "[CP] Check Pods Manifest.lock";
			outputPaths = (
				"$(DERIVED_FILE_DIR)/Pods-JNWarmTips-checkManifestLockResult.txt",
			);
			runOnlyForDeploymentPostprocessing = 0;
			shellPath = /bin/sh;
			shellScript = "diff \"${PODS_PODFILE_DIR_PATH}/Podfile.lock\" \"${PODS_ROOT}/Manifest.lock\" > /dev/null\nif [ $? != 0 ] ; then\n    # print error to STDERR\n    echo \"error: The sandbox is not in sync with the Podfile.lock. Run 'pod install' or update your CocoaPods installation.\" >&2\n    exit 1\nfi\n# This output is used by Xcode 'outputs' to avoid re-running this script phase.\necho \"SUCCESS\" > \"${SCRIPT_OUTPUT_FILE_0}\"\n";
			showEnvVarsInLog = 0;
		};
		210858BAFDD9F32DBA4D03BF /* [CP] Copy Pods Resources */ = {
			isa = PBXShellScriptBuildPhase;
			buildActionMask = 2147483647;
			files = (
			);
			inputPaths = (
			);
			name = "[CP] Copy Pods Resources";
			outputPaths = (
			);
			runOnlyForDeploymentPostprocessing = 0;
			shellPath = /bin/sh;
			shellScript = "\"${SRCROOT}/Pods/Target Support Files/Pods-JNWarmTips/Pods-JNWarmTips-resources.sh\"\n";
			showEnvVarsInLog = 0;
		};
		77EDD463F87855161BCDCEB1 /* [CP] Embed Pods Frameworks */ = {
			isa = PBXShellScriptBuildPhase;
			buildActionMask = 2147483647;
			files = (
			);
			inputPaths = (
			);
			name = "[CP] Embed Pods Frameworks";
			outputPaths = (
			);
			runOnlyForDeploymentPostprocessing = 0;
			shellPath = /bin/sh;
			shellScript = "\"${SRCROOT}/Pods/Target Support Files/Pods-JNWarmTips/Pods-JNWarmTips-frameworks.sh\"\n";
			showEnvVarsInLog = 0;
		};
/* End PBXShellScriptBuildPhase section */

/* Begin PBXSourcesBuildPhase section */
		6108F139207B119700590F4D /* Sources */ = {
			isa = PBXSourcesBuildPhase;
			buildActionMask = 2147483647;
			files = (
				6108F150207B119700590F4D /* main.m in Sources */,
				6108F142207B119700590F4D /* AppDelegate.m in Sources */,
				8B8D89DE5F6DD1EFFF79B182 /* ViewController.m in Sources */,
				8B8D84C766FD4610E65ABD82 /* JNDayCollectionViewCell.m in Sources */,
				8B8D84089AE8B2E6182F1AAB /* JNDayModel.m in Sources */,
				8B8D80F3322F212274D1143C /* ViewController+CalculateCalendar.m in Sources */,
				8B8D8DECA4453B6757CCDC21 /* ReadMe.md in Sources */,
				8B8D8F9E8CBB8DE1D626BA5B /* JNDayEventTableViewCell.m in Sources */,
				8B8D82D0095163A877576A10 /* JNTopContainerView.m in Sources */,
				8B8D8E5176150954F3B6948A /* JNWarmTipsPublicFile.m in Sources */,
				8B8D8B9E1A09208320853911 /* ViewController+EventList.m in Sources */,
				8B8D8311A594230342333C5F /* JNEventEditorViewController.m in Sources */,
			);
			runOnlyForDeploymentPostprocessing = 0;
		};
		61433846208DBFD400DFB91F /* Sources */ = {
			isa = PBXSourcesBuildPhase;
			buildActionMask = 2147483647;
			files = (
				6143384D208DBFD400DFB91F /* JNWarmTipsTests.m in Sources */,
			);
			runOnlyForDeploymentPostprocessing = 0;
		};
/* End PBXSourcesBuildPhase section */

/* Begin PBXTargetDependency section */
		61433850208DBFD400DFB91F /* PBXTargetDependency */ = {
			isa = PBXTargetDependency;
			target = 6108F13C207B119700590F4D /* JNWarmTips */;
			targetProxy = 6143384F208DBFD400DFB91F /* PBXContainerItemProxy */;
		};
/* End PBXTargetDependency section */

/* Begin PBXVariantGroup section */
		6108F146207B119700590F4D /* Main.storyboard */ = {
			isa = PBXVariantGroup;
			children = (
				6108F147207B119700590F4D /* Base */,
			);
			name = Main.storyboard;
			sourceTree = "<group>";
		};
		6108F14B207B119700590F4D /* LaunchScreen.storyboard */ = {
			isa = PBXVariantGroup;
			children = (
				6108F14C207B119700590F4D /* Base */,
			);
			name = LaunchScreen.storyboard;
			sourceTree = "<group>";
		};
/* End PBXVariantGroup section */

/* Begin XCBuildConfiguration section */
		6108F151207B119700590F4D /* Debug */ = {
			isa = XCBuildConfiguration;
			buildSettings = {
				ALWAYS_SEARCH_USER_PATHS = NO;
				CLANG_ANALYZER_NONNULL = YES;
				CLANG_ANALYZER_NUMBER_OBJECT_CONVERSION = YES_AGGRESSIVE;
				CLANG_CXX_LANGUAGE_STANDARD = "gnu++14";
				CLANG_CXX_LIBRARY = "libc++";
				CLANG_ENABLE_MODULES = YES;
				CLANG_ENABLE_OBJC_ARC = YES;
				CLANG_WARN_BLOCK_CAPTURE_AUTORELEASING = YES;
				CLANG_WARN_BOOL_CONVERSION = YES;
				CLANG_WARN_COMMA = YES;
				CLANG_WARN_CONSTANT_CONVERSION = YES;
				CLANG_WARN_DIRECT_OBJC_ISA_USAGE = YES_ERROR;
				CLANG_WARN_DOCUMENTATION_COMMENTS = YES;
				CLANG_WARN_EMPTY_BODY = YES;
				CLANG_WARN_ENUM_CONVERSION = YES;
				CLANG_WARN_INFINITE_RECURSION = YES;
				CLANG_WARN_INT_CONVERSION = YES;
				CLANG_WARN_NON_LITERAL_NULL_CONVERSION = YES;
				CLANG_WARN_OBJC_LITERAL_CONVERSION = YES;
				CLANG_WARN_OBJC_ROOT_CLASS = YES_ERROR;
				CLANG_WARN_RANGE_LOOP_ANALYSIS = YES;
				CLANG_WARN_STRICT_PROTOTYPES = YES;
				CLANG_WARN_SUSPICIOUS_MOVE = YES;
				CLANG_WARN_UNGUARDED_AVAILABILITY = YES_AGGRESSIVE;
				CLANG_WARN_UNREACHABLE_CODE = YES;
				CLANG_WARN__DUPLICATE_METHOD_MATCH = YES;
				CODE_SIGN_IDENTITY = "iPhone Developer";
				COPY_PHASE_STRIP = NO;
				DEBUG_ACTIVITY_MODE = "";
				"DEBUG_ACTIVITY_MODE[sdk=iphonesimulator*]" = default;
				DEBUG_INFORMATION_FORMAT = dwarf;
				ENABLE_STRICT_OBJC_MSGSEND = YES;
				ENABLE_TESTABILITY = YES;
				GCC_C_LANGUAGE_STANDARD = gnu11;
				GCC_DYNAMIC_NO_PIC = NO;
				GCC_NO_COMMON_BLOCKS = YES;
				GCC_OPTIMIZATION_LEVEL = 0;
				GCC_PREPROCESSOR_DEFINITIONS = (
					"DEBUG=1",
					"$(inherited)",
				);
				GCC_WARN_64_TO_32_BIT_CONVERSION = YES;
				GCC_WARN_ABOUT_RETURN_TYPE = YES_ERROR;
				GCC_WARN_UNDECLARED_SELECTOR = YES;
				GCC_WARN_UNINITIALIZED_AUTOS = YES_AGGRESSIVE;
				GCC_WARN_UNUSED_FUNCTION = YES;
				GCC_WARN_UNUSED_VARIABLE = YES;
				IPHONEOS_DEPLOYMENT_TARGET = 11.2;
				MTL_ENABLE_DEBUG_INFO = YES;
				ONLY_ACTIVE_ARCH = YES;
				SDKROOT = iphoneos;
			};
			name = Debug;
		};
		6108F152207B119700590F4D /* Release */ = {
			isa = XCBuildConfiguration;
			buildSettings = {
				ALWAYS_SEARCH_USER_PATHS = NO;
				CLANG_ANALYZER_NONNULL = YES;
				CLANG_ANALYZER_NUMBER_OBJECT_CONVERSION = YES_AGGRESSIVE;
				CLANG_CXX_LANGUAGE_STANDARD = "gnu++14";
				CLANG_CXX_LIBRARY = "libc++";
				CLANG_ENABLE_MODULES = YES;
				CLANG_ENABLE_OBJC_ARC = YES;
				CLANG_WARN_BLOCK_CAPTURE_AUTORELEASING = YES;
				CLANG_WARN_BOOL_CONVERSION = YES;
				CLANG_WARN_COMMA = YES;
				CLANG_WARN_CONSTANT_CONVERSION = YES;
				CLANG_WARN_DIRECT_OBJC_ISA_USAGE = YES_ERROR;
				CLANG_WARN_DOCUMENTATION_COMMENTS = YES;
				CLANG_WARN_EMPTY_BODY = YES;
				CLANG_WARN_ENUM_CONVERSION = YES;
				CLANG_WARN_INFINITE_RECURSION = YES;
				CLANG_WARN_INT_CONVERSION = YES;
				CLANG_WARN_NON_LITERAL_NULL_CONVERSION = YES;
				CLANG_WARN_OBJC_LITERAL_CONVERSION = YES;
				CLANG_WARN_OBJC_ROOT_CLASS = YES_ERROR;
				CLANG_WARN_RANGE_LOOP_ANALYSIS = YES;
				CLANG_WARN_STRICT_PROTOTYPES = YES;
				CLANG_WARN_SUSPICIOUS_MOVE = YES;
				CLANG_WARN_UNGUARDED_AVAILABILITY = YES_AGGRESSIVE;
				CLANG_WARN_UNREACHABLE_CODE = YES;
				CLANG_WARN__DUPLICATE_METHOD_MATCH = YES;
				CODE_SIGN_IDENTITY = "iPhone Developer";
				COPY_PHASE_STRIP = NO;
				DEBUG_ACTIVITY_MODE = "";
				DEBUG_INFORMATION_FORMAT = "dwarf-with-dsym";
				ENABLE_NS_ASSERTIONS = NO;
				ENABLE_STRICT_OBJC_MSGSEND = YES;
				GCC_C_LANGUAGE_STANDARD = gnu11;
				GCC_NO_COMMON_BLOCKS = YES;
				GCC_WARN_64_TO_32_BIT_CONVERSION = YES;
				GCC_WARN_ABOUT_RETURN_TYPE = YES_ERROR;
				GCC_WARN_UNDECLARED_SELECTOR = YES;
				GCC_WARN_UNINITIALIZED_AUTOS = YES_AGGRESSIVE;
				GCC_WARN_UNUSED_FUNCTION = YES;
				GCC_WARN_UNUSED_VARIABLE = YES;
				IPHONEOS_DEPLOYMENT_TARGET = 11.2;
				MTL_ENABLE_DEBUG_INFO = NO;
				SDKROOT = iphoneos;
				VALIDATE_PRODUCT = YES;
			};
			name = Release;
		};
		6108F154207B119700590F4D /* Debug */ = {
			isa = XCBuildConfiguration;
			baseConfigurationReference = FDC5847B328F1F4829E065CD /* Pods-JNWarmTips.debug.xcconfig */;
			buildSettings = {
				ASSETCATALOG_COMPILER_APPICON_NAME = AppIcon;
				CODE_SIGN_STYLE = Automatic;
				INFOPLIST_FILE = JNWarmTips/Info.plist;
				LD_RUNPATH_SEARCH_PATHS = "$(inherited) @executable_path/Frameworks";
				PRODUCT_BUNDLE_IDENTIFIER = ty.JNWarmTips;
				PRODUCT_NAME = "$(TARGET_NAME)";
				TARGETED_DEVICE_FAMILY = "1,2";
				USER_HEADER_SEARCH_PATHS = "\"${PROJECT_DIR}/Pods\"/**";
			};
			name = Debug;
		};
		6108F155207B119700590F4D /* Release */ = {
			isa = XCBuildConfiguration;
			baseConfigurationReference = 987F68616B95B3F1A1C53504 /* Pods-JNWarmTips.release.xcconfig */;
			buildSettings = {
				ASSETCATALOG_COMPILER_APPICON_NAME = AppIcon;
				CODE_SIGN_STYLE = Automatic;
				INFOPLIST_FILE = JNWarmTips/Info.plist;
				LD_RUNPATH_SEARCH_PATHS = "$(inherited) @executable_path/Frameworks";
				PRODUCT_BUNDLE_IDENTIFIER = ty.JNWarmTips;
				PRODUCT_NAME = "$(TARGET_NAME)";
				TARGETED_DEVICE_FAMILY = "1,2";
				USER_HEADER_SEARCH_PATHS = "\"${PROJECT_DIR}/Pods\"/**";
			};
			name = Release;
		};
		61433851208DBFD400DFB91F /* Debug */ = {
			isa = XCBuildConfiguration;
			buildSettings = {
				BUNDLE_LOADER = "$(TEST_HOST)";
				CODE_SIGN_STYLE = Automatic;
				INFOPLIST_FILE = JNWarmTipsTests/Info.plist;
				LD_RUNPATH_SEARCH_PATHS = "$(inherited) @executable_path/Frameworks @loader_path/Frameworks";
				PRODUCT_BUNDLE_IDENTIFIER = JN.JNWarmTipsTests;
				PRODUCT_NAME = "$(TARGET_NAME)";
				TARGETED_DEVICE_FAMILY = "1,2";
				TEST_HOST = "$(BUILT_PRODUCTS_DIR)/JNWarmTips.app/JNWarmTips";
			};
			name = Debug;
		};
		61433852208DBFD400DFB91F /* Release */ = {
			isa = XCBuildConfiguration;
			buildSettings = {
				BUNDLE_LOADER = "$(TEST_HOST)";
				CODE_SIGN_STYLE = Automatic;
				INFOPLIST_FILE = JNWarmTipsTests/Info.plist;
				LD_RUNPATH_SEARCH_PATHS = "$(inherited) @executable_path/Frameworks @loader_path/Frameworks";
				PRODUCT_BUNDLE_IDENTIFIER = JN.JNWarmTipsTests;
				PRODUCT_NAME = "$(TARGET_NAME)";
				TARGETED_DEVICE_FAMILY = "1,2";
				TEST_HOST = "$(BUILT_PRODUCTS_DIR)/JNWarmTips.app/JNWarmTips";
			};
			name = Release;
		};
/* End XCBuildConfiguration section */

/* Begin XCConfigurationList section */
		6108F138207B119700590F4D /* Build configuration list for PBXProject "JNWarmTips" */ = {
			isa = XCConfigurationList;
			buildConfigurations = (
				6108F151207B119700590F4D /* Debug */,
				6108F152207B119700590F4D /* Release */,
			);
			defaultConfigurationIsVisible = 0;
			defaultConfigurationName = Release;
		};
		6108F153207B119700590F4D /* Build configuration list for PBXNativeTarget "JNWarmTips" */ = {
			isa = XCConfigurationList;
			buildConfigurations = (
				6108F154207B119700590F4D /* Debug */,
				6108F155207B119700590F4D /* Release */,
			);
			defaultConfigurationIsVisible = 0;
			defaultConfigurationName = Release;
		};
		61433853208DBFD400DFB91F /* Build configuration list for PBXNativeTarget "JNWarmTipsTests" */ = {
			isa = XCConfigurationList;
			buildConfigurations = (
				61433851208DBFD400DFB91F /* Debug */,
				61433852208DBFD400DFB91F /* Release */,
			);
			defaultConfigurationIsVisible = 0;
			defaultConfigurationName = Release;
		};
/* End XCConfigurationList section */
	};
	rootObject = 6108F135207B119700590F4D /* Project object */;
}
