<?xml version="1.0" encoding="UTF-8"?>
<Scheme
   version = "1.3">
   <BuildAction>
      <BuildActionEntries>
         <BuildActionEntry
            buildForRunning = "YES">
            <BuildableReference
               BuildableIdentifier = "primary"
               BlueprintIdentifier = "6108F13C207B119700590F4D"
               BuildableName = "JNWarmTips.app"
               BlueprintName = "JNWarmTips"
               ReferencedContainer = "container:JNWarmTips.xcodeproj">
            </BuildableReference>
         </BuildActionEntry>
      </BuildActionEntries>
   </BuildAction>
   <LaunchAction
      useCustomWorkingDirectory = "NO"
      buildConfiguration = "Debug">
      <BuildableProductRunnable>
         <BuildableReference
            BuildableIdentifier = "primary"
            BlueprintIdentifier = "6108F13C207B119700590F4D"
            BuildableName = "JNWarmTips.app"
            BlueprintName = "JNWarmTips"
            ReferencedContainer = "container:JNWarmTips.xcodeproj">
         </BuildableReference>
      </BuildableProductRunnable>
   </LaunchAction>
</Scheme>
